
Microsoft Visual Studio Solution File, Format Version 12.00
# Visual Studio Version 17
VisualStudioVersion = 17.11.35431.28
MinimumVisualStudioVersion = 10.0.40219.1
Project("{FAE04EC0-301F-11D3-BF4B-00C04F79EFBC}") = "CSharpBasics", "CSharpBasics.csproj", "{77C6ABF7-E18A-4769-9AE4-68E1AFFF1A64}"
EndProject
Global
	GlobalSection(SolutionConfigurationPlatforms) = preSolution
		Debug|Any CPU = Debug|Any CPU
		Release|Any CPU = Release|Any CPU
	EndGlobalSection
	GlobalSection(ProjectConfigurationPlatforms) = postSolution
		{77C6ABF7-E18A-4769-9AE4-68E1AFFF1A64}.Debug|Any CPU.ActiveCfg = Debug|Any CPU
		{77C6ABF7-E18A-4769-9AE4-68E1AFFF1A64}.Debug|Any CPU.Build.0 = Debug|Any CPU
		{77C6ABF7-E18A-4769-9AE4-68E1AFFF1A64}.Release|Any CPU.ActiveCfg = Release|Any CPU
		{77C6ABF7-E18A-4769-9AE4-68E1AFFF1A64}.Release|Any CPU.Build.0 = Release|Any CPU
	EndGlobalSection
	GlobalSection(SolutionProperties) = preSolution
		HideSolutionNode = FALSE
	EndGlobalSection
	GlobalSection(ExtensibilityGlobals) = postSolution
		SolutionGuid = {7B396870-ED66-4F51-AA22-E112ED4CA20C}
	EndGlobalSection
EndGlobal
