
Microsoft Visual Studio Solution File, Format Version 12.00
# Visual Studio Version 17
VisualStudioVersion = 17.5.33516.290
MinimumVisualStudioVersion = 10.0.40219.1
Project("{FAE04EC0-301F-11D3-BF4B-00C04F79EFBC}") = "CoreWebApplication2", "CoreWebApplication2.csproj", "{D7A4A791-5EB9-4E93-B9AC-85F094DC2077}"
EndProject
Global
	GlobalSection(SolutionConfigurationPlatforms) = preSolution
		Debug|Any CPU = Debug|Any CPU
		Release|Any CPU = Release|Any CPU
	EndGlobalSection
	GlobalSection(ProjectConfigurationPlatforms) = postSolution
		{D7A4A791-5EB9-4E93-B9AC-85F094DC2077}.Debug|Any CPU.ActiveCfg = Debug|Any CPU
		{D7A4A791-5EB9-4E93-B9AC-85F094DC2077}.Debug|Any CPU.Build.0 = Debug|Any CPU
		{D7A4A791-5EB9-4E93-B9AC-85F094DC2077}.Release|Any CPU.ActiveCfg = Release|Any CPU
		{D7A4A791-5EB9-4E93-B9AC-85F094DC2077}.Release|Any CPU.Build.0 = Release|Any CPU
	EndGlobalSection
	GlobalSection(SolutionProperties) = preSolution
		HideSolutionNode = FALSE
	EndGlobalSection
	GlobalSection(ExtensibilityGlobals) = postSolution
		SolutionGuid = {83CA0D53-7B8E-4B0F-B645-144886F1DD29}
	EndGlobalSection
EndGlobal
