
Microsoft Visual Studio Solution File, Format Version 12.00
# Visual Studio Version 17
VisualStudioVersion = 17.5.33516.290
MinimumVisualStudioVersion = 10.0.40219.1
Project("{FAE04EC0-301F-11D3-BF4B-00C04F79EFBC}") = "FullDemo", "FullDemo.csproj", "{7CCD61ED-99F3-4333-B456-2896FE3E2585}"
EndProject
Global
	GlobalSection(SolutionConfigurationPlatforms) = preSolution
		Debug|Any CPU = Debug|Any CPU
		Release|Any CPU = Release|Any CPU
	EndGlobalSection
	GlobalSection(ProjectConfigurationPlatforms) = postSolution
		{7CCD61ED-99F3-4333-B456-2896FE3E2585}.Debug|Any CPU.ActiveCfg = Debug|Any CPU
		{7CCD61ED-99F3-4333-B456-2896FE3E2585}.Debug|Any CPU.Build.0 = Debug|Any CPU
		{7CCD61ED-99F3-4333-B456-2896FE3E2585}.Release|Any CPU.ActiveCfg = Release|Any CPU
		{7CCD61ED-99F3-4333-B456-2896FE3E2585}.Release|Any CPU.Build.0 = Release|Any CPU
	EndGlobalSection
	GlobalSection(SolutionProperties) = preSolution
		HideSolutionNode = FALSE
	EndGlobalSection
	GlobalSection(ExtensibilityGlobals) = postSolution
		SolutionGuid = {85B0F99C-1C42-46CE-98F7-37483B18E7C4}
	EndGlobalSection
EndGlobal
