
Microsoft Visual Studio Solution File, Format Version 12.00
# Visual Studio Version 17
VisualStudioVersion = 17.5.33516.290
MinimumVisualStudioVersion = 10.0.40219.1
Project("{9A19103F-16F7-4668-BE54-9A1E7A4F7556}") = "ConsoleApp1-PC", "ConsoleApp1-PC.csproj", "{DA5ED74F-D06C-4AAA-B3D5-EB7D5B43AECF}"
EndProject
Project("{9A19103F-16F7-4668-BE54-9A1E7A4F7556}") = "LinqQueries", "..\LinqQueries\LinqQueries.csproj", "{1E9A48D5-0A84-4A0B-B0DC-68AAAB85D891}"
EndProject
Project("{FAE04EC0-301F-11D3-BF4B-00C04F79EFBC}") = "Security&Cryptography", "..\Security&Cryptography\Security&Cryptography.csproj", "{6446FD55-9D3C-407E-987C-9313F92F5D2D}"
EndProject
Project("{FAE04EC0-301F-11D3-BF4B-00C04F79EFBC}") = "DB_CRUD", "..\DB_CRUD\DB_CRUD.csproj", "{23E4D0E1-08D0-4A11-B72E-091B62FADB13}"
EndProject
Global
	GlobalSection(SolutionConfigurationPlatforms) = preSolution
		Debug|Any CPU = Debug|Any CPU
		Release|Any CPU = Release|Any CPU
	EndGlobalSection
	GlobalSection(ProjectConfigurationPlatforms) = postSolution
		{DA5ED74F-D06C-4AAA-B3D5-EB7D5B43AECF}.Debug|Any CPU.ActiveCfg = Debug|Any CPU
		{DA5ED74F-D06C-4AAA-B3D5-EB7D5B43AECF}.Debug|Any CPU.Build.0 = Debug|Any CPU
		{DA5ED74F-D06C-4AAA-B3D5-EB7D5B43AECF}.Release|Any CPU.ActiveCfg = Release|Any CPU
		{DA5ED74F-D06C-4AAA-B3D5-EB7D5B43AECF}.Release|Any CPU.Build.0 = Release|Any CPU
		{1E9A48D5-0A84-4A0B-B0DC-68AAAB85D891}.Debug|Any CPU.ActiveCfg = Debug|Any CPU
		{1E9A48D5-0A84-4A0B-B0DC-68AAAB85D891}.Debug|Any CPU.Build.0 = Debug|Any CPU
		{1E9A48D5-0A84-4A0B-B0DC-68AAAB85D891}.Release|Any CPU.ActiveCfg = Release|Any CPU
		{1E9A48D5-0A84-4A0B-B0DC-68AAAB85D891}.Release|Any CPU.Build.0 = Release|Any CPU
		{6446FD55-9D3C-407E-987C-9313F92F5D2D}.Debug|Any CPU.ActiveCfg = Debug|Any CPU
		{6446FD55-9D3C-407E-987C-9313F92F5D2D}.Debug|Any CPU.Build.0 = Debug|Any CPU
		{6446FD55-9D3C-407E-987C-9313F92F5D2D}.Release|Any CPU.ActiveCfg = Release|Any CPU
		{6446FD55-9D3C-407E-987C-9313F92F5D2D}.Release|Any CPU.Build.0 = Release|Any CPU
		{23E4D0E1-08D0-4A11-B72E-091B62FADB13}.Debug|Any CPU.ActiveCfg = Debug|Any CPU
		{23E4D0E1-08D0-4A11-B72E-091B62FADB13}.Debug|Any CPU.Build.0 = Debug|Any CPU
		{23E4D0E1-08D0-4A11-B72E-091B62FADB13}.Release|Any CPU.ActiveCfg = Release|Any CPU
		{23E4D0E1-08D0-4A11-B72E-091B62FADB13}.Release|Any CPU.Build.0 = Release|Any CPU
	EndGlobalSection
	GlobalSection(SolutionProperties) = preSolution
		HideSolutionNode = FALSE
	EndGlobalSection
	GlobalSection(ExtensibilityGlobals) = postSolution
		SolutionGuid = {AFB2920A-8AB2-4C0F-9315-539B072F7EFE}
	EndGlobalSection
EndGlobal
